
Microsoft Visual Studio Solution File, Format Version 12.00
# Visual Studio 14
VisualStudioVersion = 14.0.24720.0
MinimumVisualStudioVersion = 10.0.40219.1
Project("{FAE04EC0-301F-11D3-BF4B-00C04F79EFBC}") = "WebApplication1", "WebApplication1\WebApplication1.csproj", "{DE3096F3-C8ED-422B-A16B-B22A627A3CF0}"
EndProject
Project("{FAE04EC0-301F-11D3-BF4B-00C04F79EFBC}") = "WebApplication2", "WebApplication2\WebApplication2.csproj", "{78E93D7C-3536-49C1-A3CD-B6B87ECB5F79}"
EndProject
Project("{FAE04EC0-301F-11D3-BF4B-00C04F79EFBC}") = "WebApplication3", "WebApplication3\WebApplication3.csproj", "{8779BC5F-5E40-45B2-A0DA-1E0D3A4C8985}"
EndProject
Project("{FAE04EC0-301F-11D3-BF4B-00C04F79EFBC}") = "WebApplication4", "WebApplication4\WebApplication4.csproj", "{2ABD895C-C883-4AB1-A0F1-E4642A83F574}"
EndProject
Project("{FAE04EC0-301F-11D3-BF4B-00C04F79EFBC}") = "WebApplication5", "WebApplication5\WebApplication5.csproj", "{0C72CCB8-68BF-4471-83D8-332391B820C4}"
EndProject
Global
	GlobalSection(SolutionConfigurationPlatforms) = preSolution
		Debug|Any CPU = Debug|Any CPU
		Release|Any CPU = Release|Any CPU
	EndGlobalSection
	GlobalSection(ProjectConfigurationPlatforms) = postSolution
		{DE3096F3-C8ED-422B-A16B-B22A627A3CF0}.Debug|Any CPU.ActiveCfg = Debug|Any CPU
		{DE3096F3-C8ED-422B-A16B-B22A627A3CF0}.Debug|Any CPU.Build.0 = Debug|Any CPU
		{DE3096F3-C8ED-422B-A16B-B22A627A3CF0}.Release|Any CPU.ActiveCfg = Release|Any CPU
		{DE3096F3-C8ED-422B-A16B-B22A627A3CF0}.Release|Any CPU.Build.0 = Release|Any CPU
		{78E93D7C-3536-49C1-A3CD-B6B87ECB5F79}.Debug|Any CPU.ActiveCfg = Debug|Any CPU
		{78E93D7C-3536-49C1-A3CD-B6B87ECB5F79}.Debug|Any CPU.Build.0 = Debug|Any CPU
		{78E93D7C-3536-49C1-A3CD-B6B87ECB5F79}.Release|Any CPU.ActiveCfg = Release|Any CPU
		{78E93D7C-3536-49C1-A3CD-B6B87ECB5F79}.Release|Any CPU.Build.0 = Release|Any CPU
		{8779BC5F-5E40-45B2-A0DA-1E0D3A4C8985}.Debug|Any CPU.ActiveCfg = Debug|Any CPU
		{8779BC5F-5E40-45B2-A0DA-1E0D3A4C8985}.Debug|Any CPU.Build.0 = Debug|Any CPU
		{8779BC5F-5E40-45B2-A0DA-1E0D3A4C8985}.Release|Any CPU.ActiveCfg = Release|Any CPU
		{8779BC5F-5E40-45B2-A0DA-1E0D3A4C8985}.Release|Any CPU.Build.0 = Release|Any CPU
		{2ABD895C-C883-4AB1-A0F1-E4642A83F574}.Debug|Any CPU.ActiveCfg = Debug|Any CPU
		{2ABD895C-C883-4AB1-A0F1-E4642A83F574}.Debug|Any CPU.Build.0 = Debug|Any CPU
		{2ABD895C-C883-4AB1-A0F1-E4642A83F574}.Release|Any CPU.ActiveCfg = Release|Any CPU
		{2ABD895C-C883-4AB1-A0F1-E4642A83F574}.Release|Any CPU.Build.0 = Release|Any CPU
		{0C72CCB8-68BF-4471-83D8-332391B820C4}.Debug|Any CPU.ActiveCfg = Debug|Any CPU
		{0C72CCB8-68BF-4471-83D8-332391B820C4}.Debug|Any CPU.Build.0 = Debug|Any CPU
		{0C72CCB8-68BF-4471-83D8-332391B820C4}.Release|Any CPU.ActiveCfg = Release|Any CPU
		{0C72CCB8-68BF-4471-83D8-332391B820C4}.Release|Any CPU.Build.0 = Release|Any CPU
	EndGlobalSection
	GlobalSection(SolutionProperties) = preSolution
		HideSolutionNode = FALSE
	EndGlobalSection
EndGlobal
